# This file is generated by running "yarn install" inside your project.
# Manual changes might be lost - proceed with caution!

__metadata:
  version: 8
  cacheKey: 10c0

"@alloc/quick-lru@npm:^5.2.0":
  version: 5.2.0
  resolution: "@alloc/quick-lru@npm:5.2.0"
  checksum: 7b878c48b9d25277d0e1a9b8b2f2312a314af806b4129dc902f2bc29ab09b58236e53964689feec187b28c80d2203aff03829754773a707a8a5987f1b7682d92
  languageName: node
  linkType: hard

"@emnapi/core@npm:^1.7.1, @emnapi/core@npm:^1.8.1":
  version: 1.9.0
  resolution: "@emnapi/core@npm:1.9.0"
  dependencies:
    "@emnapi/wasi-threads": "npm:1.2.0"
    tslib: "npm:^2.4.0"
  checksum: defbfa5861aa5ff1346dbc6a19df50d727ae76ae276a31a97b178db8eecae0c5179976878087b43ac2441750e40e6c50e465280383256deb16dd2fb167dd515c
  languageName: node
  linkType: hard

"@emnapi/runtime@npm:^1.7.0, @emnapi/runtime@npm:^1.7.1, @emnapi/runtime@npm:^1.8.1":
  version: 1.9.0
  resolution: "@emnapi/runtime@npm:1.9.0"
  dependencies:
    tslib: "npm:^2.4.0"
  checksum: f825e53b2d3f9d31fd880e669197d006bb5158c3a52ab25f0546f3d52ac58eb539a4bd1dcc378af6c10d202956fa064b28ab7b572a76de58972c0b8656a692ef
  languageName: node
  linkType: hard

"@emnapi/wasi-threads@npm:1.2.0, @emnapi/wasi-threads@npm:^1.1.0":
  version: 1.2.0
  resolution: "@emnapi/wasi-threads@npm:1.2.0"
  dependencies:
    tslib: "npm:^2.4.0"
  checksum: 1e3724b5814b06c14782fda87eee9b9aa68af01576c81ffeaefdf621ddb74386e419d5b3b1027b6a8172397729d95a92f814fc4b8d3c224376428faa07a6a01a
  languageName: node
  linkType: hard

"@img/colour@npm:^1.0.0":
  version: 1.1.0
  resolution: "@img/colour@npm:1.1.0"
  checksum: 2ebea2c0bbaee73b99badcefa04e1e71d83f36e5369337d3121dca841f4569533c4e2faddda6d62dd247f0d5cca143711f9446c59bcce81e427ba433a7a94a17
  languageName: node
  linkType: hard

"@img/sharp-darwin-arm64@npm:0.34.5":
  version: 0.34.5
  resolution: "@img/sharp-darwin-arm64@npm:0.34.5"
  dependencies:
    "@img/sharp-libvips-darwin-arm64": "npm:1.2.4"
  dependenciesMeta:
    "@img/sharp-libvips-darwin-arm64":
      optional: true
  conditions: os=darwin & cpu=arm64
  languageName: node
  linkType: hard

"@img/sharp-darwin-x64@npm:0.34.5":
  version: 0.34.5
  resolution: "@img/sharp-darwin-x64@npm:0.34.5"
  dependencies:
    "@img/sharp-libvips-darwin-x64": "npm:1.2.4"
  dependenciesMeta:
    "@img/sharp-libvips-darwin-x64":
      optional: true
  conditions: os=darwin & cpu=x64
  languageName: node
  linkType: hard

"@img/sharp-libvips-darwin-arm64@npm:1.2.4":
  version: 1.2.4
  resolution: "@img/sharp-libvips-darwin-arm64@npm:1.2.4"
  conditions: os=darwin & cpu=arm64
  languageName: node
  linkType: hard

"@img/sharp-libvips-darwin-x64@npm:1.2.4":
  version: 1.2.4
  resolution: "@img/sharp-libvips-darwin-x64@npm:1.2.4"
  conditions: os=darwin & cpu=x64
  languageName: node
  linkType: hard

"@img/sharp-libvips-linux-arm64@npm:1.2.4":
  version: 1.2.4
  resolution: "@img/sharp-libvips-linux-arm64@npm:1.2.4"
  conditions: os=linux & cpu=arm64 & libc=glibc
  languageName: node
  linkType: hard

"@img/sharp-libvips-linux-arm@npm:1.2.4":
  version: 1.2.4
  resolution: "@img/sharp-libvips-linux-arm@npm:1.2.4"
  conditions: os=linux & cpu=arm & libc=glibc
  languageName: node
  linkType: hard

"@img/sharp-libvips-linux-ppc64@npm:1.2.4":
  version: 1.2.4
  resolution: "@img/sharp-libvips-linux-ppc64@npm:1.2.4"
  conditions: os=linux & cpu=ppc64 & libc=glibc
  languageName: node
  linkType: hard

"@img/sharp-libvips-linux-riscv64@npm:1.2.4":
  version: 1.2.4
  resolution: "@img/sharp-libvips-linux-riscv64@npm:1.2.4"
  conditions: os=linux & cpu=riscv64 & libc=glibc
  languageName: node
  linkType: hard

"@img/sharp-libvips-linux-s390x@npm:1.2.4":
  version: 1.2.4
  resolution: "@img/sharp-libvips-linux-s390x@npm:1.2.4"
  conditions: os=linux & cpu=s390x & libc=glibc
  languageName: node
  linkType: hard

"@img/sharp-libvips-linux-x64@npm:1.2.4":
  version: 1.2.4
  resolution: "@img/sharp-libvips-linux-x64@npm:1.2.4"
  conditions: os=linux & cpu=x64 & libc=glibc
  languageName: node
  linkType: hard

"@img/sharp-libvips-linuxmusl-arm64@npm:1.2.4":
  version: 1.2.4
  resolution: "@img/sharp-libvips-linuxmusl-arm64@npm:1.2.4"
  conditions: os=linux & cpu=arm64 & libc=musl
  languageName: node
  linkType: hard

"@img/sharp-libvips-linuxmusl-x64@npm:1.2.4":
  version: 1.2.4
  resolution: "@img/sharp-libvips-linuxmusl-x64@npm:1.2.4"
  conditions: os=linux & cpu=x64 & libc=musl
  languageName: node
  linkType: hard

"@img/sharp-linux-arm64@npm:0.34.5":
  version: 0.34.5
  resolution: "@img/sharp-linux-arm64@npm:0.34.5"
  dependencies:
    "@img/sharp-libvips-linux-arm64": "npm:1.2.4"
  dependenciesMeta:
    "@img/sharp-libvips-linux-arm64":
      optional: true
  conditions: os=linux & cpu=arm64 & libc=glibc
  languageName: node
  linkType: hard

"@img/sharp-linux-arm@npm:0.34.5":
  version: 0.34.5
  resolution: "@img/sharp-linux-arm@npm:0.34.5"
  dependencies:
    "@img/sharp-libvips-linux-arm": "npm:1.2.4"
  dependenciesMeta:
    "@img/sharp-libvips-linux-arm":
      optional: true
  conditions: os=linux & cpu=arm & libc=glibc
  languageName: node
  linkType: hard

"@img/sharp-linux-ppc64@npm:0.34.5":
  version: 0.34.5
  resolution: "@img/sharp-linux-ppc64@npm:0.34.5"
  dependencies:
    "@img/sharp-libvips-linux-ppc64": "npm:1.2.4"
  dependenciesMeta:
    "@img/sharp-libvips-linux-ppc64":
      optional: true
  conditions: os=linux & cpu=ppc64 & libc=glibc
  languageName: node
  linkType: hard

"@img/sharp-linux-riscv64@npm:0.34.5":
  version: 0.34.5
  resolution: "@img/sharp-linux-riscv64@npm:0.34.5"
  dependencies:
    "@img/sharp-libvips-linux-riscv64": "npm:1.2.4"
  dependenciesMeta:
    "@img/sharp-libvips-linux-riscv64":
      optional: true
  conditions: os=linux & cpu=riscv64 & libc=glibc
  languageName: node
  linkType: hard

"@img/sharp-linux-s390x@npm:0.34.5":
  version: 0.34.5
  resolution: "@img/sharp-linux-s390x@npm:0.34.5"
  dependencies:
    "@img/sharp-libvips-linux-s390x": "npm:1.2.4"
  dependenciesMeta:
    "@img/sharp-libvips-linux-s390x":
      optional: true
  conditions: os=linux & cpu=s390x & libc=glibc
  languageName: node
  linkType: hard

"@img/sharp-linux-x64@npm:0.34.5":
  version: 0.34.5
  resolution: "@img/sharp-linux-x64@npm:0.34.5"
  dependencies:
    "@img/sharp-libvips-linux-x64": "npm:1.2.4"
  dependenciesMeta:
    "@img/sharp-libvips-linux-x64":
      optional: true
  conditions: os=linux & cpu=x64 & libc=glibc
  languageName: node
  linkType: hard

"@img/sharp-linuxmusl-arm64@npm:0.34.5":
  version: 0.34.5
  resolution: "@img/sharp-linuxmusl-arm64@npm:0.34.5"
  dependencies:
    "@img/sharp-libvips-linuxmusl-arm64": "npm:1.2.4"
  dependenciesMeta:
    "@img/sharp-libvips-linuxmusl-arm64":
      optional: true
  conditions: os=linux & cpu=arm64 & libc=musl
  languageName: node
  linkType: hard

"@img/sharp-linuxmusl-x64@npm:0.34.5":
  version: 0.34.5
  resolution: "@img/sharp-linuxmusl-x64@npm:0.34.5"
  dependencies:
    "@img/sharp-libvips-linuxmusl-x64": "npm:1.2.4"
  dependenciesMeta:
    "@img/sharp-libvips-linuxmusl-x64":
      optional: true
  conditions: os=linux & cpu=x64 & libc=musl
  languageName: node
  linkType: hard

"@img/sharp-wasm32@npm:0.34.5":
  version: 0.34.5
  resolution: "@img/sharp-wasm32@npm:0.34.5"
  dependencies:
    "@emnapi/runtime": "npm:^1.7.0"
  conditions: cpu=wasm32
  languageName: node
  linkType: hard

"@img/sharp-win32-arm64@npm:0.34.5":
  version: 0.34.5
  resolution: "@img/sharp-win32-arm64@npm:0.34.5"
  conditions: os=win32 & cpu=arm64
  languageName: node
  linkType: hard

"@img/sharp-win32-ia32@npm:0.34.5":
  version: 0.34.5
  resolution: "@img/sharp-win32-ia32@npm:0.34.5"
  conditions: os=win32 & cpu=ia32
  languageName: node
  linkType: hard

"@img/sharp-win32-x64@npm:0.34.5":
  version: 0.34.5
  resolution: "@img/sharp-win32-x64@npm:0.34.5"
  conditions: os=win32 & cpu=x64
  languageName: node
  linkType: hard

"@jridgewell/gen-mapping@npm:^0.3.5":
  version: 0.3.13
  resolution: "@jridgewell/gen-mapping@npm:0.3.13"
  dependencies:
    "@jridgewell/sourcemap-codec": "npm:^1.5.0"
    "@jridgewell/trace-mapping": "npm:^0.3.24"
  checksum: 9a7d65fb13bd9aec1fbab74cda08496839b7e2ceb31f5ab922b323e94d7c481ce0fc4fd7e12e2610915ed8af51178bdc61e168e92a8c8b8303b030b03489b13b
  languageName: node
  linkType: hard

"@jridgewell/remapping@npm:^2.3.5":
  version: 2.3.5
  resolution: "@jridgewell/remapping@npm:2.3.5"
  dependencies:
    "@jridgewell/gen-mapping": "npm:^0.3.5"
    "@jridgewell/trace-mapping": "npm:^0.3.24"
  checksum: 3de494219ffeb2c5c38711d0d7bb128097edf91893090a2dbc8ee0b55d092bb7347b1fd0f478486c5eab010e855c73927b1666f2107516d472d24a73017d1194
  languageName: node
  linkType: hard

"@jridgewell/resolve-uri@npm:^3.1.0":
  version: 3.1.1
  resolution: "@jridgewell/resolve-uri@npm:3.1.1"
  checksum: 0dbc9e29bc640bbbdc5b9876d2859c69042bfcf1423c1e6421bcca53e826660bff4e41c7d4bcb8dbea696404231a6f902f76ba41835d049e20f2dd6cffb713bf
  languageName: node
  linkType: hard

"@jridgewell/sourcemap-codec@npm:^1.4.14":
  version: 1.4.15
  resolution: "@jridgewell/sourcemap-codec@npm:1.4.15"
  checksum: 0c6b5ae663087558039052a626d2d7ed5208da36cfd707dcc5cea4a07cfc918248403dcb5989a8f7afaf245ce0573b7cc6fd94c4a30453bd10e44d9363940ba5
  languageName: node
  linkType: hard

"@jridgewell/sourcemap-codec@npm:^1.5.0, @jridgewell/sourcemap-codec@npm:^1.5.5":
  version: 1.5.5
  resolution: "@jridgewell/sourcemap-codec@npm:1.5.5"
  checksum: f9e538f302b63c0ebc06eecb1dd9918dd4289ed36147a0ddce35d6ea4d7ebbda243cda7b2213b6a5e1d8087a298d5cf630fb2bd39329cdecb82017023f6081a0
  languageName: node
  linkType: hard

"@jridgewell/trace-mapping@npm:^0.3.24":
  version: 0.3.31
  resolution: "@jridgewell/trace-mapping@npm:0.3.31"
  dependencies:
    "@jridgewell/resolve-uri": "npm:^3.1.0"
    "@jridgewell/sourcemap-codec": "npm:^1.4.14"
  checksum: 4b30ec8cd56c5fd9a661f088230af01e0c1a3888d11ffb6b47639700f71225be21d1f7e168048d6d4f9449207b978a235c07c8f15c07705685d16dc06280e9d9
  languageName: node
  linkType: hard

"@napi-rs/wasm-runtime@npm:^1.1.1":
  version: 1.1.1
  resolution: "@napi-rs/wasm-runtime@npm:1.1.1"
  dependencies:
    "@emnapi/core": "npm:^1.7.1"
    "@emnapi/runtime": "npm:^1.7.1"
    "@tybys/wasm-util": "npm:^0.10.1"
  checksum: 04d57b67e80736e41fe44674a011878db0a8ad893f4d44abb9d3608debb7c174224cba2796ed5b0c1d367368159f3ca6be45f1c59222f70e32ddc880f803d447
  languageName: node
  linkType: hard

"@next/env@npm:15.5.13":
  version: 15.5.13
  resolution: "@next/env@npm:15.5.13"
  checksum: 288e288fac99377f138dfb64d4d0d3ec9716bf1c21e61a33eff5e02466b21d3ee37cf054276afdd181459f1ee5e5fdb0d207060b713daf07dc99f98de06f1e9e
  languageName: node
  linkType: hard

"@next/swc-darwin-arm64@npm:15.5.13":
  version: 15.5.13
  resolution: "@next/swc-darwin-arm64@npm:15.5.13"
  conditions: os=darwin & cpu=arm64
  languageName: node
  linkType: hard

"@next/swc-darwin-x64@npm:15.5.13":
  version: 15.5.13
  resolution: "@next/swc-darwin-x64@npm:15.5.13"
  conditions: os=darwin & cpu=x64
  languageName: node
  linkType: hard

"@next/swc-linux-arm64-gnu@npm:15.5.13":
  version: 15.5.13
  resolution: "@next/swc-linux-arm64-gnu@npm:15.5.13"
  conditions: os=linux & cpu=arm64 & libc=glibc
  languageName: node
  linkType: hard

"@next/swc-linux-arm64-musl@npm:15.5.13":
  version: 15.5.13
  resolution: "@next/swc-linux-arm64-musl@npm:15.5.13"
  conditions: os=linux & cpu=arm64 & libc=musl
  languageName: node
  linkType: hard

"@next/swc-linux-x64-gnu@npm:15.5.13":
  version: 15.5.13
  resolution: "@next/swc-linux-x64-gnu@npm:15.5.13"
  conditions: os=linux & cpu=x64 & libc=glibc
  languageName: node
  linkType: hard

"@next/swc-linux-x64-musl@npm:15.5.13":
  version: 15.5.13
  resolution: "@next/swc-linux-x64-musl@npm:15.5.13"
  conditions: os=linux & cpu=x64 & libc=musl
  languageName: node
  linkType: hard

"@next/swc-win32-arm64-msvc@npm:15.5.13":
  version: 15.5.13
  resolution: "@next/swc-win32-arm64-msvc@npm:15.5.13"
  conditions: os=win32 & cpu=arm64
  languageName: node
  linkType: hard

"@next/swc-win32-x64-msvc@npm:15.5.13":
  version: 15.5.13
  resolution: "@next/swc-win32-x64-msvc@npm:15.5.13"
  conditions: os=win32 & cpu=x64
  languageName: node
  linkType: hard

"@swc/helpers@npm:0.5.15":
  version: 0.5.15
  resolution: "@swc/helpers@npm:0.5.15"
  dependencies:
    tslib: "npm:^2.8.0"
  checksum: 33002f74f6f885f04c132960835fdfc474186983ea567606db62e86acd0680ca82f34647e8e610f4e1e422d1c16fce729dde22cd3b797ab1fd9061a825dabca4
  languageName: node
  linkType: hard

"@tailwindcss/node@npm:4.2.1":
  version: 4.2.1
  resolution: "@tailwindcss/node@npm:4.2.1"
  dependencies:
    "@jridgewell/remapping": "npm:^2.3.5"
    enhanced-resolve: "npm:^5.19.0"
    jiti: "npm:^2.6.1"
    lightningcss: "npm:1.31.1"
    magic-string: "npm:^0.30.21"
    source-map-js: "npm:^1.2.1"
    tailwindcss: "npm:4.2.1"
  checksum: 7b1bf77d2d714df98201cc2f308bee8edfebaf2ef520ec15cb9515e2aadabb28b4d2ecb165dd278716b3f6767da10e4d9a445de34ee8f7ec056fc9c1d8e275a1
  languageName: node
  linkType: hard

"@tailwindcss/oxide-android-arm64@npm:4.2.1":
  version: 4.2.1
  resolution: "@tailwindcss/oxide-android-arm64@npm:4.2.1"
  conditions: os=android & cpu=arm64
  languageName: node
  linkType: hard

"@tailwindcss/oxide-darwin-arm64@npm:4.2.1":
  version: 4.2.1
  resolution: "@tailwindcss/oxide-darwin-arm64@npm:4.2.1"
  conditions: os=darwin & cpu=arm64
  languageName: node
  linkType: hard

"@tailwindcss/oxide-darwin-x64@npm:4.2.1":
  version: 4.2.1
  resolution: "@tailwindcss/oxide-darwin-x64@npm:4.2.1"
  conditions: os=darwin & cpu=x64
  languageName: node
  linkType: hard

"@tailwindcss/oxide-freebsd-x64@npm:4.2.1":
  version: 4.2.1
  resolution: "@tailwindcss/oxide-freebsd-x64@npm:4.2.1"
  conditions: os=freebsd & cpu=x64
  languageName: node
  linkType: hard

"@tailwindcss/oxide-linux-arm-gnueabihf@npm:4.2.1":
  version: 4.2.1
  resolution: "@tailwindcss/oxide-linux-arm-gnueabihf@npm:4.2.1"
  conditions: os=linux & cpu=arm
  languageName: node
  linkType: hard

"@tailwindcss/oxide-linux-arm64-gnu@npm:4.2.1":
  version: 4.2.1
  resolution: "@tailwindcss/oxide-linux-arm64-gnu@npm:4.2.1"
  conditions: os=linux & cpu=arm64 & libc=glibc
  languageName: node
  linkType: hard

"@tailwindcss/oxide-linux-arm64-musl@npm:4.2.1":
  version: 4.2.1
  resolution: "@tailwindcss/oxide-linux-arm64-musl@npm:4.2.1"
  conditions: os=linux & cpu=arm64 & libc=musl
  languageName: node
  linkType: hard

"@tailwindcss/oxide-linux-x64-gnu@npm:4.2.1":
  version: 4.2.1
  resolution: "@tailwindcss/oxide-linux-x64-gnu@npm:4.2.1"
  conditions: os=linux & cpu=x64 & libc=glibc
  languageName: node
  linkType: hard

"@tailwindcss/oxide-linux-x64-musl@npm:4.2.1":
  version: 4.2.1
  resolution: "@tailwindcss/oxide-linux-x64-musl@npm:4.2.1"
  conditions: os=linux & cpu=x64 & libc=musl
  languageName: node
  linkType: hard

"@tailwindcss/oxide-wasm32-wasi@npm:4.2.1":
  version: 4.2.1
  resolution: "@tailwindcss/oxide-wasm32-wasi@npm:4.2.1"
  dependencies:
    "@emnapi/core": "npm:^1.8.1"
    "@emnapi/runtime": "npm:^1.8.1"
    "@emnapi/wasi-threads": "npm:^1.1.0"
    "@napi-rs/wasm-runtime": "npm:^1.1.1"
    "@tybys/wasm-util": "npm:^0.10.1"
    tslib: "npm:^2.8.1"
  conditions: cpu=wasm32
  languageName: node
  linkType: hard

"@tailwindcss/oxide-win32-arm64-msvc@npm:4.2.1":
  version: 4.2.1
  resolution: "@tailwindcss/oxide-win32-arm64-msvc@npm:4.2.1"
  conditions: os=win32 & cpu=arm64
  languageName: node
  linkType: hard

"@tailwindcss/oxide-win32-x64-msvc@npm:4.2.1":
  version: 4.2.1
  resolution: "@tailwindcss/oxide-win32-x64-msvc@npm:4.2.1"
  conditions: os=win32 & cpu=x64
  languageName: node
  linkType: hard

"@tailwindcss/oxide@npm:4.2.1":
  version: 4.2.1
  resolution: "@tailwindcss/oxide@npm:4.2.1"
  dependencies:
    "@tailwindcss/oxide-android-arm64": "npm:4.2.1"
    "@tailwindcss/oxide-darwin-arm64": "npm:4.2.1"
    "@tailwindcss/oxide-darwin-x64": "npm:4.2.1"
    "@tailwindcss/oxide-freebsd-x64": "npm:4.2.1"
    "@tailwindcss/oxide-linux-arm-gnueabihf": "npm:4.2.1"
    "@tailwindcss/oxide-linux-arm64-gnu": "npm:4.2.1"
    "@tailwindcss/oxide-linux-arm64-musl": "npm:4.2.1"
    "@tailwindcss/oxide-linux-x64-gnu": "npm:4.2.1"
    "@tailwindcss/oxide-linux-x64-musl": "npm:4.2.1"
    "@tailwindcss/oxide-wasm32-wasi": "npm:4.2.1"
    "@tailwindcss/oxide-win32-arm64-msvc": "npm:4.2.1"
    "@tailwindcss/oxide-win32-x64-msvc": "npm:4.2.1"
  dependenciesMeta:
    "@tailwindcss/oxide-android-arm64":
      optional: true
    "@tailwindcss/oxide-darwin-arm64":
      optional: true
    "@tailwindcss/oxide-darwin-x64":
      optional: true
    "@tailwindcss/oxide-freebsd-x64":
      optional: true
    "@tailwindcss/oxide-linux-arm-gnueabihf":
      optional: true
    "@tailwindcss/oxide-linux-arm64-gnu":
      optional: true
    "@tailwindcss/oxide-linux-arm64-musl":
      optional: true
    "@tailwindcss/oxide-linux-x64-gnu":
      optional: true
    "@tailwindcss/oxide-linux-x64-musl":
      optional: true
    "@tailwindcss/oxide-wasm32-wasi":
      optional: true
    "@tailwindcss/oxide-win32-arm64-msvc":
      optional: true
    "@tailwindcss/oxide-win32-x64-msvc":
      optional: true
  checksum: 4f9bfa40cde6925eed1759caf857831779a834a1b8776cc7df5bb48a279b7dcd2e761a31ffbd297d135a64b58f25e092d7c781c06cf44667746f7e5a5a3e0183
  languageName: node
  linkType: hard

"@tailwindcss/postcss@npm:^4":
  version: 4.2.1
  resolution: "@tailwindcss/postcss@npm:4.2.1"
  dependencies:
    "@alloc/quick-lru": "npm:^5.2.0"
    "@tailwindcss/node": "npm:4.2.1"
    "@tailwindcss/oxide": "npm:4.2.1"
    postcss: "npm:^8.5.6"
    tailwindcss: "npm:4.2.1"
  checksum: c9869a10c284241b2e51ba25750ae711d1ac3187356093c3a047eb8139124e73412036de7a11ad5c145360a312dcdebde59849f6d65e6296cba525186a8243f6
  languageName: node
  linkType: hard

"@tybys/wasm-util@npm:^0.10.1":
  version: 0.10.1
  resolution: "@tybys/wasm-util@npm:0.10.1"
  dependencies:
    tslib: "npm:^2.4.0"
  checksum: b255094f293794c6d2289300c5fbcafbb5532a3aed3a5ffd2f8dc1828e639b88d75f6a376dd8f94347a44813fd7a7149d8463477a9a49525c8b2dcaa38c2d1e8
  languageName: node
  linkType: hard

"@types/node@npm:^22":
  version: 22.19.15
  resolution: "@types/node@npm:22.19.15"
  dependencies:
    undici-types: "npm:~6.21.0"
  checksum: f17eaf3d0d1da5e93ad9e287efb78201f8a5282973c004c5f70d91675c5c6b926a23acaa7b158a42b3d7e27e36b349d65a531710c91c308fca53dd7fa280ef98
  languageName: node
  linkType: hard

"@types/react-dom@npm:^19":
  version: 19.2.3
  resolution: "@types/react-dom@npm:19.2.3"
  peerDependencies:
    "@types/react": ^19.2.0
  checksum: b486ebe0f4e2fb35e2e108df1d8fc0927ca5d6002d5771e8a739de11239fe62d0e207c50886185253c99eb9dedfeeb956ea7429e5ba17f6693c7acb4c02f8cd1
  languageName: node
  linkType: hard

"@types/react@npm:^19":
  version: 19.2.14
  resolution: "@types/react@npm:19.2.14"
  dependencies:
    csstype: "npm:^3.2.2"
  checksum: 7d25bf41b57719452d86d2ac0570b659210402707313a36ee612666bf11275a1c69824f8c3ee1fdca077ccfe15452f6da8f1224529b917050eb2d861e52b59b7
  languageName: node
  linkType: hard

"amitoj.net@workspace:.":
  version: 0.0.0-use.local
  resolution: "amitoj.net@workspace:."
  dependencies:
    "@tailwindcss/postcss": "npm:^4"
    "@types/node": "npm:^22"
    "@types/react": "npm:^19"
    "@types/react-dom": "npm:^19"
    next: "npm:^15"
    react: "npm:^19"
    react-dom: "npm:^19"
    react-icons: "npm:^5"
    tailwindcss: "npm:^4"
    typescript: "npm:^5"
  languageName: unknown
  linkType: soft

"caniuse-lite@npm:^1.0.30001579":
  version: 1.0.30001779
  resolution: "caniuse-lite@npm:1.0.30001779"
  checksum: 6cae9492140722ebc6be76cf3057ff8d1b427c7d8c2588b92bba7979bb1ec7ece457c7d3578a099a757ec12cb01b893fe05f224ac8feb841072897f0c12de6cc
  languageName: node
  linkType: hard

"client-only@npm:0.0.1":
  version: 0.0.1
  resolution: "client-only@npm:0.0.1"
  checksum: 9d6cfd0c19e1c96a434605added99dff48482152af791ec4172fb912a71cff9027ff174efd8cdb2160cc7f377543e0537ffc462d4f279bc4701de3f2a3c4b358
  languageName: node
  linkType: hard

"csstype@npm:^3.2.2":
  version: 3.2.3
  resolution: "csstype@npm:3.2.3"
  checksum: cd29c51e70fa822f1cecd8641a1445bed7063697469d35633b516e60fe8c1bde04b08f6c5b6022136bb669b64c63d4173af54864510fbb4ee23281801841a3ce
  languageName: node
  linkType: hard

"detect-libc@npm:^2.0.3, detect-libc@npm:^2.1.2":
  version: 2.1.2
  resolution: "detect-libc@npm:2.1.2"
  checksum: acc675c29a5649fa1fb6e255f993b8ee829e510b6b56b0910666949c80c364738833417d0edb5f90e4e46be17228b0f2b66a010513984e18b15deeeac49369c4
  languageName: node
  linkType: hard

"enhanced-resolve@npm:^5.19.0":
  version: 5.20.1
  resolution: "enhanced-resolve@npm:5.20.1"
  dependencies:
    graceful-fs: "npm:^4.2.4"
    tapable: "npm:^2.3.0"
  checksum: c6503ee1b2d725843e047e774445ecb12b779aa52db25d11ebe18d4b3adc148d3d993d2038b3d0c38ad836c9c4b3930fbc55df42f72b44785e2f94e5530eda69
  languageName: node
  linkType: hard

"graceful-fs@npm:^4.2.4":
  version: 4.2.11
  resolution: "graceful-fs@npm:4.2.11"
  checksum: 386d011a553e02bc594ac2ca0bd6d9e4c22d7fa8cfbfc448a6d148c59ea881b092db9dbe3547ae4b88e55f1b01f7c4a2ecc53b310c042793e63aa44cf6c257f2
  languageName: node
  linkType: hard

"jiti@npm:^2.6.1":
  version: 2.6.1
  resolution: "jiti@npm:2.6.1"
  bin:
    jiti: lib/jiti-cli.mjs
  checksum: 79b2e96a8e623f66c1b703b98ec1b8be4500e1d217e09b09e343471bbb9c105381b83edbb979d01cef18318cc45ce6e153571b6c83122170eefa531c64b6789b
  languageName: node
  linkType: hard

"lightningcss-android-arm64@npm:1.31.1":
  version: 1.31.1
  resolution: "lightningcss-android-arm64@npm:1.31.1"
  conditions: os=android & cpu=arm64
  languageName: node
  linkType: hard

"lightningcss-darwin-arm64@npm:1.31.1":
  version: 1.31.1
  resolution: "lightningcss-darwin-arm64@npm:1.31.1"
  conditions: os=darwin & cpu=arm64
  languageName: node
  linkType: hard

"lightningcss-darwin-x64@npm:1.31.1":
  version: 1.31.1
  resolution: "lightningcss-darwin-x64@npm:1.31.1"
  conditions: os=darwin & cpu=x64
  languageName: node
  linkType: hard

"lightningcss-freebsd-x64@npm:1.31.1":
  version: 1.31.1
  resolution: "lightningcss-freebsd-x64@npm:1.31.1"
  conditions: os=freebsd & cpu=x64
  languageName: node
  linkType: hard

"lightningcss-linux-arm-gnueabihf@npm:1.31.1":
  version: 1.31.1
  resolution: "lightningcss-linux-arm-gnueabihf@npm:1.31.1"
  conditions: os=linux & cpu=arm
  languageName: node
  linkType: hard

"lightningcss-linux-arm64-gnu@npm:1.31.1":
  version: 1.31.1
  resolution: "lightningcss-linux-arm64-gnu@npm:1.31.1"
  conditions: os=linux & cpu=arm64 & libc=glibc
  languageName: node
  linkType: hard

"lightningcss-linux-arm64-musl@npm:1.31.1":
  version: 1.31.1
  resolution: "lightningcss-linux-arm64-musl@npm:1.31.1"
  conditions: os=linux & cpu=arm64 & libc=musl
  languageName: node
  linkType: hard

"lightningcss-linux-x64-gnu@npm:1.31.1":
  version: 1.31.1
  resolution: "lightningcss-linux-x64-gnu@npm:1.31.1"
  conditions: os=linux & cpu=x64 & libc=glibc
  languageName: node
  linkType: hard

"lightningcss-linux-x64-musl@npm:1.31.1":
  version: 1.31.1
  resolution: "lightningcss-linux-x64-musl@npm:1.31.1"
  conditions: os=linux & cpu=x64 & libc=musl
  languageName: node
  linkType: hard

"lightningcss-win32-arm64-msvc@npm:1.31.1":
  version: 1.31.1
  resolution: "lightningcss-win32-arm64-msvc@npm:1.31.1"
  conditions: os=win32 & cpu=arm64
  languageName: node
  linkType: hard

"lightningcss-win32-x64-msvc@npm:1.31.1":
  version: 1.31.1
  resolution: "lightningcss-win32-x64-msvc@npm:1.31.1"
  conditions: os=win32 & cpu=x64
  languageName: node
  linkType: hard

"lightningcss@npm:1.31.1":
  version: 1.31.1
  resolution: "lightningcss@npm:1.31.1"
  dependencies:
    detect-libc: "npm:^2.0.3"
    lightningcss-android-arm64: "npm:1.31.1"
    lightningcss-darwin-arm64: "npm:1.31.1"
    lightningcss-darwin-x64: "npm:1.31.1"
    lightningcss-freebsd-x64: "npm:1.31.1"
    lightningcss-linux-arm-gnueabihf: "npm:1.31.1"
    lightningcss-linux-arm64-gnu: "npm:1.31.1"
    lightningcss-linux-arm64-musl: "npm:1.31.1"
    lightningcss-linux-x64-gnu: "npm:1.31.1"
    lightningcss-linux-x64-musl: "npm:1.31.1"
    lightningcss-win32-arm64-msvc: "npm:1.31.1"
    lightningcss-win32-x64-msvc: "npm:1.31.1"
  dependenciesMeta:
    lightningcss-android-arm64:
      optional: true
    lightningcss-darwin-arm64:
      optional: true
    lightningcss-darwin-x64:
      optional: true
    lightningcss-freebsd-x64:
      optional: true
    lightningcss-linux-arm-gnueabihf:
      optional: true
    lightningcss-linux-arm64-gnu:
      optional: true
    lightningcss-linux-arm64-musl:
      optional: true
    lightningcss-linux-x64-gnu:
      optional: true
    lightningcss-linux-x64-musl:
      optional: true
    lightningcss-win32-arm64-msvc:
      optional: true
    lightningcss-win32-x64-msvc:
      optional: true
  checksum: c6754b305d4a73652e472fc0d7d65384a6e16c336ea61068eca60de2a45bd5c30abbf012358b82eac56ee98b5d88028932cda5268ff61967cffa400b9e7ee2ba
  languageName: node
  linkType: hard

"magic-string@npm:^0.30.21":
  version: 0.30.21
  resolution: "magic-string@npm:0.30.21"
  dependencies:
    "@jridgewell/sourcemap-codec": "npm:^1.5.5"
  checksum: 299378e38f9a270069fc62358522ddfb44e94244baa0d6a8980ab2a9b2490a1d03b236b447eee309e17eb3bddfa482c61259d47960eb018a904f0ded52780c4a
  languageName: node
  linkType: hard

"nanoid@npm:^3.3.11":
  version: 3.3.11
  resolution: "nanoid@npm:3.3.11"
  bin:
    nanoid: bin/nanoid.cjs
  checksum: 40e7f70b3d15f725ca072dfc4f74e81fcf1fbb02e491cf58ac0c79093adc9b0a73b152bcde57df4b79cd097e13023d7504acb38404a4da7bc1cd8e887b82fe0b
  languageName: node
  linkType: hard

"nanoid@npm:^3.3.6":
  version: 3.3.7
  resolution: "nanoid@npm:3.3.7"
  bin:
    nanoid: bin/nanoid.cjs
  checksum: e3fb661aa083454f40500473bb69eedb85dc160e763150b9a2c567c7e9ff560ce028a9f833123b618a6ea742e311138b591910e795614a629029e86e180660f3
  languageName: node
  linkType: hard

"next@npm:^15":
  version: 15.5.13
  resolution: "next@npm:15.5.13"
  dependencies:
    "@next/env": "npm:15.5.13"
    "@next/swc-darwin-arm64": "npm:15.5.13"
    "@next/swc-darwin-x64": "npm:15.5.13"
    "@next/swc-linux-arm64-gnu": "npm:15.5.13"
    "@next/swc-linux-arm64-musl": "npm:15.5.13"
    "@next/swc-linux-x64-gnu": "npm:15.5.13"
    "@next/swc-linux-x64-musl": "npm:15.5.13"
    "@next/swc-win32-arm64-msvc": "npm:15.5.13"
    "@next/swc-win32-x64-msvc": "npm:15.5.13"
    "@swc/helpers": "npm:0.5.15"
    caniuse-lite: "npm:^1.0.30001579"
    postcss: "npm:8.4.31"
    sharp: "npm:^0.34.3"
    styled-jsx: "npm:5.1.6"
  peerDependencies:
    "@opentelemetry/api": ^1.1.0
    "@playwright/test": ^1.51.1
    babel-plugin-react-compiler: "*"
    react: ^18.2.0 || 19.0.0-rc-de68d2f4-20241204 || ^19.0.0
    react-dom: ^18.2.0 || 19.0.0-rc-de68d2f4-20241204 || ^19.0.0
    sass: ^1.3.0
  dependenciesMeta:
    "@next/swc-darwin-arm64":
      optional: true
    "@next/swc-darwin-x64":
      optional: true
    "@next/swc-linux-arm64-gnu":
      optional: true
    "@next/swc-linux-arm64-musl":
      optional: true
    "@next/swc-linux-x64-gnu":
      optional: true
    "@next/swc-linux-x64-musl":
      optional: true
    "@next/swc-win32-arm64-msvc":
      optional: true
    "@next/swc-win32-x64-msvc":
      optional: true
    sharp:
      optional: true
  peerDependenciesMeta:
    "@opentelemetry/api":
      optional: true
    "@playwright/test":
      optional: true
    babel-plugin-react-compiler:
      optional: true
    sass:
      optional: true
  bin:
    next: dist/bin/next
  checksum: 67b8c31e0bda950de54d37de3ecc7c740207f16cce32a052845e5bd9ec9be1634d48ad782981d114fa930c347b21031116ef0d5dca2abe71e0b67812c3f41163
  languageName: node
  linkType: hard

"picocolors@npm:^1.0.0":
  version: 1.0.0
  resolution: "picocolors@npm:1.0.0"
  checksum: 20a5b249e331c14479d94ec6817a182fd7a5680debae82705747b2db7ec50009a5f6648d0621c561b0572703f84dbef0858abcbd5856d3c5511426afcb1961f7
  languageName: node
  linkType: hard

"picocolors@npm:^1.1.1":
  version: 1.1.1
  resolution: "picocolors@npm:1.1.1"
  checksum: e2e3e8170ab9d7c7421969adaa7e1b31434f789afb9b3f115f6b96d91945041ac3ceb02e9ec6fe6510ff036bcc0bf91e69a1772edc0b707e12b19c0f2d6bcf58
  languageName: node
  linkType: hard

"postcss@npm:8.4.31":
  version: 8.4.31
  resolution: "postcss@npm:8.4.31"
  dependencies:
    nanoid: "npm:^3.3.6"
    picocolors: "npm:^1.0.0"
    source-map-js: "npm:^1.0.2"
  checksum: 748b82e6e5fc34034dcf2ae88ea3d11fd09f69b6c50ecdd3b4a875cfc7cdca435c958b211e2cb52355422ab6fccb7d8f2f2923161d7a1b281029e4a913d59acf
  languageName: node
  linkType: hard

"postcss@npm:^8.5.6":
  version: 8.5.8
  resolution: "postcss@npm:8.5.8"
  dependencies:
    nanoid: "npm:^3.3.11"
    picocolors: "npm:^1.1.1"
    source-map-js: "npm:^1.2.1"
  checksum: dd918f7127ee7c60a0295bae2e72b3787892296e1d1c3c564d7a2a00c68d8df83cadc3178491259daa19ccc54804fb71ed8c937c6787e08d8bd4bedf8d17044c
  languageName: node
  linkType: hard

"react-dom@npm:^19":
  version: 19.2.4
  resolution: "react-dom@npm:19.2.4"
  dependencies:
    scheduler: "npm:^0.27.0"
  peerDependencies:
    react: ^19.2.4
  checksum: f0c63f1794dedb154136d4d0f59af00b41907f4859571c155940296808f4b94bf9c0c20633db75b5b2112ec13d8d7dd4f9bf57362ed48782f317b11d05a44f35
  languageName: node
  linkType: hard

"react-icons@npm:^5":
  version: 5.6.0
  resolution: "react-icons@npm:5.6.0"
  peerDependencies:
    react: "*"
  checksum: addba1ebfd45cdf7f69291d0c93df64fca1271cfdb66df657abd223e3451c73356b035f50e75858627dd182b02129596c79eaaaa45d32eb52658e443a992645c
  languageName: node
  linkType: hard

"react@npm:^19":
  version: 19.2.4
  resolution: "react@npm:19.2.4"
  checksum: cd2c9ff67a720799cc3b38a516009986f7fc4cb8d3e15716c6211cf098d1357ee3e348ab05ad0600042bbb0fd888530ba92e329198c92eafa0994f5213396596
  languageName: node
  linkType: hard

"scheduler@npm:^0.27.0":
  version: 0.27.0
  resolution: "scheduler@npm:0.27.0"
  checksum: 4f03048cb05a3c8fddc45813052251eca00688f413a3cee236d984a161da28db28ba71bd11e7a3dd02f7af84ab28d39fb311431d3b3772fed557945beb00c452
  languageName: node
  linkType: hard

"semver@npm:^7.7.3":
  version: 7.7.4
  resolution: "semver@npm:7.7.4"
  bin:
    semver: bin/semver.js
  checksum: 5215ad0234e2845d4ea5bb9d836d42b03499546ddafb12075566899fc617f68794bb6f146076b6881d755de17d6c6cc73372555879ec7dce2c2feee947866ad2
  languageName: node
  linkType: hard

"sharp@npm:^0.34.3":
  version: 0.34.5
  resolution: "sharp@npm:0.34.5"
  dependencies:
    "@img/colour": "npm:^1.0.0"
    "@img/sharp-darwin-arm64": "npm:0.34.5"
    "@img/sharp-darwin-x64": "npm:0.34.5"
    "@img/sharp-libvips-darwin-arm64": "npm:1.2.4"
    "@img/sharp-libvips-darwin-x64": "npm:1.2.4"
    "@img/sharp-libvips-linux-arm": "npm:1.2.4"
    "@img/sharp-libvips-linux-arm64": "npm:1.2.4"
    "@img/sharp-libvips-linux-ppc64": "npm:1.2.4"
    "@img/sharp-libvips-linux-riscv64": "npm:1.2.4"
    "@img/sharp-libvips-linux-s390x": "npm:1.2.4"
    "@img/sharp-libvips-linux-x64": "npm:1.2.4"
    "@img/sharp-libvips-linuxmusl-arm64": "npm:1.2.4"
    "@img/sharp-libvips-linuxmusl-x64": "npm:1.2.4"
    "@img/sharp-linux-arm": "npm:0.34.5"
    "@img/sharp-linux-arm64": "npm:0.34.5"
    "@img/sharp-linux-ppc64": "npm:0.34.5"
    "@img/sharp-linux-riscv64": "npm:0.34.5"
    "@img/sharp-linux-s390x": "npm:0.34.5"
    "@img/sharp-linux-x64": "npm:0.34.5"
    "@img/sharp-linuxmusl-arm64": "npm:0.34.5"
    "@img/sharp-linuxmusl-x64": "npm:0.34.5"
    "@img/sharp-wasm32": "npm:0.34.5"
    "@img/sharp-win32-arm64": "npm:0.34.5"
    "@img/sharp-win32-ia32": "npm:0.34.5"
    "@img/sharp-win32-x64": "npm:0.34.5"
    detect-libc: "npm:^2.1.2"
    semver: "npm:^7.7.3"
  dependenciesMeta:
    "@img/sharp-darwin-arm64":
      optional: true
    "@img/sharp-darwin-x64":
      optional: true
    "@img/sharp-libvips-darwin-arm64":
      optional: true
    "@img/sharp-libvips-darwin-x64":
      optional: true
    "@img/sharp-libvips-linux-arm":
      optional: true
    "@img/sharp-libvips-linux-arm64":
      optional: true
    "@img/sharp-libvips-linux-ppc64":
      optional: true
    "@img/sharp-libvips-linux-riscv64":
      optional: true
    "@img/sharp-libvips-linux-s390x":
      optional: true
    "@img/sharp-libvips-linux-x64":
      optional: true
    "@img/sharp-libvips-linuxmusl-arm64":
      optional: true
    "@img/sharp-libvips-linuxmusl-x64":
      optional: true
    "@img/sharp-linux-arm":
      optional: true
    "@img/sharp-linux-arm64":
      optional: true
    "@img/sharp-linux-ppc64":
      optional: true
    "@img/sharp-linux-riscv64":
      optional: true
    "@img/sharp-linux-s390x":
      optional: true
    "@img/sharp-linux-x64":
      optional: true
    "@img/sharp-linuxmusl-arm64":
      optional: true
    "@img/sharp-linuxmusl-x64":
      optional: true
    "@img/sharp-wasm32":
      optional: true
    "@img/sharp-win32-arm64":
      optional: true
    "@img/sharp-win32-ia32":
      optional: true
    "@img/sharp-win32-x64":
      optional: true
  checksum: fd79e29df0597a7d5704b8461c51f944ead91a5243691697be6e8243b966402beda53ddc6f0a53b96ea3cb8221f0b244aa588114d3ebf8734fb4aefd41ab802f
  languageName: node
  linkType: hard

"source-map-js@npm:^1.0.2":
  version: 1.0.2
  resolution: "source-map-js@npm:1.0.2"
  checksum: 32f2dfd1e9b7168f9a9715eb1b4e21905850f3b50cf02cf476e47e4eebe8e6b762b63a64357896aa29b37e24922b4282df0f492e0d2ace572b43d15525976ff8
  languageName: node
  linkType: hard

"source-map-js@npm:^1.2.1":
  version: 1.2.1
  resolution: "source-map-js@npm:1.2.1"
  checksum: 7bda1fc4c197e3c6ff17de1b8b2c20e60af81b63a52cb32ec5a5d67a20a7d42651e2cb34ebe93833c5a2a084377e17455854fee3e21e7925c64a51b6a52b0faf
  languageName: node
  linkType: hard

"styled-jsx@npm:5.1.6":
  version: 5.1.6
  resolution: "styled-jsx@npm:5.1.6"
  dependencies:
    client-only: "npm:0.0.1"
  peerDependencies:
    react: ">= 16.8.0 || 17.x.x || ^18.0.0-0 || ^19.0.0-0"
  peerDependenciesMeta:
    "@babel/core":
      optional: true
    babel-plugin-macros:
      optional: true
  checksum: ace50e7ea5ae5ae6a3b65a50994c51fca6ae7df9c7ecfd0104c36be0b4b3a9c5c1a2374d16e2a11e256d0b20be6d47256d768ecb4f91ab390f60752a075780f5
  languageName: node
  linkType: hard

"tailwindcss@npm:4.2.1, tailwindcss@npm:^4":
  version: 4.2.1
  resolution: "tailwindcss@npm:4.2.1"
  checksum: 482d734b582e9da509042ff59c1d7564d99e39e238c50ae907c20fa56177a8a00c3902f6971329971bd6a1c5357026ac76a849b8f2c69c94f0f59be99530ba54
  languageName: node
  linkType: hard

"tapable@npm:^2.3.0":
  version: 2.3.0
  resolution: "tapable@npm:2.3.0"
  checksum: cb9d67cc2c6a74dedc812ef3085d9d681edd2c1fa18e4aef57a3c0605fdbe44e6b8ea00bd9ef21bc74dd45314e39d31227aa031ebf2f5e38164df514136f2681
  languageName: node
  linkType: hard

"tslib@npm:^2.4.0":
  version: 2.6.2
  resolution: "tslib@npm:2.6.2"
  checksum: e03a8a4271152c8b26604ed45535954c0a45296e32445b4b87f8a5abdb2421f40b59b4ca437c4346af0f28179780d604094eb64546bee2019d903d01c6c19bdb
  languageName: node
  linkType: hard

"tslib@npm:^2.8.0, tslib@npm:^2.8.1":
  version: 2.8.1
  resolution: "tslib@npm:2.8.1"
  checksum: 9c4759110a19c53f992d9aae23aac5ced636e99887b51b9e61def52611732872ff7668757d4e4c61f19691e36f4da981cd9485e869b4a7408d689f6bf1f14e62
  languageName: node
  linkType: hard

"typescript@npm:^5":
  version: 5.9.3
  resolution: "typescript@npm:5.9.3"
  bin:
    tsc: bin/tsc
    tsserver: bin/tsserver
  checksum: 6bd7552ce39f97e711db5aa048f6f9995b53f1c52f7d8667c1abdc1700c68a76a308f579cd309ce6b53646deb4e9a1be7c813a93baaf0a28ccd536a30270e1c5
  languageName: node
  linkType: hard

"typescript@patch:typescript@npm%3A^5#optional!builtin<compat/typescript>":
  version: 5.9.3
  resolution: "typescript@patch:typescript@npm%3A5.9.3#optional!builtin<compat/typescript>::version=5.9.3&hash=e012d7"
  bin:
    tsc: bin/tsc
    tsserver: bin/tsserver
  checksum: 6f7e53bf0d9702350deeb6f35e08b69cbc8b958c33e0ec77bdc0ad6a6c8e280f3959dcbfde6f5b0848bece57810696489deaaa53d75de3578ff255d168c1efbd
  languageName: node
  linkType: hard

"undici-types@npm:~6.21.0":
  version: 6.21.0
  resolution: "undici-types@npm:6.21.0"
  checksum: c01ed51829b10aa72fc3ce64b747f8e74ae9b60eafa19a7b46ef624403508a54c526ffab06a14a26b3120d055e1104d7abe7c9017e83ced038ea5cf52f8d5e04
  languageName: node
  linkType: hard
